
Microsoft Visual Studio Solution File, Format Version 12.00
# Visual Studio Version 17
VisualStudioVersion = 17.14.36121.58
MinimumVisualStudioVersion = 10.0.40219.1
Project("{FAE04EC0-301F-11D3-BF4B-00C04F79EFBC}") = "CarAuction", "CarAuction\CarAuction.csproj", "{D4380833-E875-4E71-A3ED-BF10E8DC747E}"
EndProject
Project("{FAE04EC0-301F-11D3-BF4B-00C04F79EFBC}") = "CarAuction.Tests", "CarAuction.Tests\CarAuction.Tests.csproj", "{D81F460C-28A7-42DC-A146-7ED2F2CC568C}"
EndProject
Global
	GlobalSection(SolutionConfigurationPlatforms) = preSolution
		Debug|Any CPU = Debug|Any CPU
		Release|Any CPU = Release|Any CPU
	EndGlobalSection
	GlobalSection(ProjectConfigurationPlatforms) = postSolution
		{D4380833-E875-4E71-A3ED-BF10E8DC747E}.Debug|Any CPU.ActiveCfg = Debug|Any CPU
		{D4380833-E875-4E71-A3ED-BF10E8DC747E}.Debug|Any CPU.Build.0 = Debug|Any CPU
		{D4380833-E875-4E71-A3ED-BF10E8DC747E}.Release|Any CPU.ActiveCfg = Release|Any CPU
		{D4380833-E875-4E71-A3ED-BF10E8DC747E}.Release|Any CPU.Build.0 = Release|Any CPU
		{D81F460C-28A7-42DC-A146-7ED2F2CC568C}.Debug|Any CPU.ActiveCfg = Debug|Any CPU
		{D81F460C-28A7-42DC-A146-7ED2F2CC568C}.Debug|Any CPU.Build.0 = Debug|Any CPU
		{D81F460C-28A7-42DC-A146-7ED2F2CC568C}.Release|Any CPU.ActiveCfg = Release|Any CPU
		{D81F460C-28A7-42DC-A146-7ED2F2CC568C}.Release|Any CPU.Build.0 = Release|Any CPU
	EndGlobalSection
	GlobalSection(SolutionProperties) = preSolution
		HideSolutionNode = FALSE
	EndGlobalSection
	GlobalSection(ExtensibilityGlobals) = postSolution
		SolutionGuid = {3F900F1C-2882-454F-AE79-DA4302D24484}
	EndGlobalSection
EndGlobal
